{
  "version": 1,
  "dependencies": {
    "net10.0": {
      "MimeKit": {
        "type": "Direct",
        "requested": "[4.17.0, )",
        "resolved": "4.17.0",
        "contentHash": "h/KXsCreJf8RpR/PSAtlbvYtZFndp9N8Wn1Bs248AL7ITyhn+AiIY5bLTvt60tbN2mu6g8KadtBNWygTji2lqg==",
        "dependencies": {
          "BouncyCastle.Cryptography": "2.6.2",
          "System.Security.Cryptography.Pkcs": "10.0.0"
        }
      },
      "MsgReader": {
        "type": "Direct",
        "requested": "[6.1.0, )",
        "resolved": "6.1.0",
        "contentHash": "8HUAZQzYPg6AXFNR4IZ9PDY72gOvLlB3WVlJ1L65VEK4or8/IukLjYKQcqvbJLOSXBSTHjmcs54nzxex6vUVdA==",
        "dependencies": {
          "Microsoft.IO.RecyclableMemoryStream": "3.0.1",
          "Microsoft.Maui.Graphics": "10.0.80",
          "OpenMcdf": "3.1.4",
          "RtfPipe": "2.0.7677.4303",
          "System.Security.Cryptography.Pkcs": "10.0.9",
          "UTF.Unknown": "2.6.0"
        }
      },
      "BouncyCastle.Cryptography": {
        "type": "Transitive",
        "resolved": "2.6.2",
        "contentHash": "7oWOcvnntmMKNzDLsdxAYqApt+AjpRpP2CShjMfIa3umZ42UQMvH0tl1qAliYPNYO6vTdcGMqnRrCPmsfzTI1w=="
      },
      "Microsoft.IO.RecyclableMemoryStream": {
        "type": "Transitive",
        "resolved": "3.0.1",
        "contentHash": "s/s20YTVY9r9TPfTrN5g8zPF1YhwxyqO6PxUkrYTGI2B+OGPe9AdajWZrLhFqXIvqIW23fnUE4+ztrUWNU1+9g=="
      },
      "Microsoft.Maui.Graphics": {
        "type": "Transitive",
        "resolved": "10.0.80",
        "contentHash": "rB3Tjv/z/uJ4zZLu8HJMNo+YqpAzPlxQ+2HCkjmGbORPAPYcWF2dLP+MsCmYS/HXpFE+8kEt/Md4Oc0MbhYtzQ=="
      },
      "OpenMcdf": {
        "type": "Transitive",
        "resolved": "3.1.4",
        "contentHash": "ncchtCh9YKqutHTlUCrr1llXA65ijGOCjXBM0mL1+WaGouApWDEACWbBHGzuYcAvB+rgW6IgO4AKgmZ2v1moNA=="
      },
      "RtfPipe": {
        "type": "Transitive",
        "resolved": "2.0.7677.4303",
        "contentHash": "ek6wuC69GYVJr0b/C5mcgbFUHPLL11iAbUFqQphdBaqSoEjOdSB/HWCID5nneA5exM88UZzOTCJCMpftDYnCZA=="
      },
      "System.Security.Cryptography.Pkcs": {
        "type": "Transitive",
        "resolved": "10.0.9",
        "contentHash": "aud6Ox9eSPayMBNu6qL+Zk7yDB6ShrRxg1aMJ1uPqFTGAFVisrjFeKj6RE9SimjNKcbl+chwmiYIK4b3hvc61A=="
      },
      "UTF.Unknown": {
        "type": "Transitive",
        "resolved": "2.6.0",
        "contentHash": "YmmUcR9XKh3twmSjq6l0HD7qm7bj3X+gXCsdkWwpiuiB4wzGDJuCOneOQ3NvwQQEMqNeyVZOPO/EwFD4fuUoOQ=="
      },
      "frelon.core": {
        "type": "Project"
      }
    },
    "net10.0/win-x64": {
      "System.Security.Cryptography.Pkcs": {
        "type": "Transitive",
        "resolved": "10.0.9",
        "contentHash": "aud6Ox9eSPayMBNu6qL+Zk7yDB6ShrRxg1aMJ1uPqFTGAFVisrjFeKj6RE9SimjNKcbl+chwmiYIK4b3hvc61A=="
      }
    }
  }
}